
Microsoft Visual Studio Solution File, Format Version 12.00
# Visual Studio Version 16
VisualStudioVersion = 16.0.28803.156
MinimumVisualStudioVersion = 10.0.40219.1
Project("{8BC9CEB8-8B4A-11D0-8D11-00A0C91BC942}") = "Advanced_C-1", "Advanced_C-1\Advanced_C-1.vcxproj", "{1B945BD8-5855-4EA8-A2A9-290E731B2C23}"
EndProject
Project("{8BC9CEB8-8B4A-11D0-8D11-00A0C91BC942}") = "Advanced_C-2", "Advanced_C-2\Advanced_C-2.vcxproj", "{B473EDF8-299B-4A55-81DF-BB2A1FD0AD6F}"
EndProject
Project("{8BC9CEB8-8B4A-11D0-8D11-00A0C91BC942}") = "Advanced_C-3", "Advanced_C-3\Advanced_C-3.vcxproj", "{4B362205-8C89-417A-A855-18AAF277A318}"
EndProject
Project("{8BC9CEB8-8B4A-11D0-8D11-00A0C91BC942}") = "Advanced_C-4", "Advanced_C-4\Advanced_C-4.vcxproj", "{76197D7B-37CB-4C85-A5FC-86C41343D6CA}"
EndProject
Project("{8BC9CEB8-8B4A-11D0-8D11-00A0C91BC942}") = "Advanced_C-5", "Advanced_C-5\Advanced_C-5.vcxproj", "{FA1EA25E-884C-4988-9BFF-4DB5B52A7BBB}"
EndProject
Project("{8BC9CEB8-8B4A-11D0-8D11-00A0C91BC942}") = "CPP-1", "CPP-1\CPP-1.vcxproj", "{87E7A058-8A5D-4952-A562-598B795AF377}"
EndProject
Project("{8BC9CEB8-8B4A-11D0-8D11-00A0C91BC942}") = "CPP-2", "CPP-2\CPP-2.vcxproj", "{BD4E5D41-CDC0-40F1-902A-403BE92A6DA6}"
EndProject
Project("{8BC9CEB8-8B4A-11D0-8D11-00A0C91BC942}") = "CPP-3", "CPP-3\CPP-3.vcxproj", "{12BF559E-2227-4368-87C1-FFB457206E4E}"
EndProject
Project("{8BC9CEB8-8B4A-11D0-8D11-00A0C91BC942}") = "CPP-4", "CPP-4\CPP-4.vcxproj", "{FB5DA329-6111-4E55-9BA6-E0DA53F04D81}"
EndProject
Project("{8BC9CEB8-8B4A-11D0-8D11-00A0C91BC942}") = "CPP-5", "CPP-5\CPP-5.vcxproj", "{D09E5E8E-D866-4A4E-91F8-7A6DE6E661E3}"
EndProject
Project("{8BC9CEB8-8B4A-11D0-8D11-00A0C91BC942}") = "CPP-6", "CPP-6\CPP-6.vcxproj", "{DC018976-6C87-49BA-A1FE-7D9CD81A80E1}"
EndProject
Project("{8BC9CEB8-8B4A-11D0-8D11-00A0C91BC942}") = "CPP-7", "CPP-7\CPP-7.vcxproj", "{6CECBE7B-72F5-48DF-92AA-C6877085DB95}"
EndProject
Project("{8BC9CEB8-8B4A-11D0-8D11-00A0C91BC942}") = "CPP-8", "CPP-8\CPP-8.vcxproj", "{CFEA9EFF-F753-4D5E-8623-89D61A1C0B64}"
EndProject
Project("{8BC9CEB8-8B4A-11D0-8D11-00A0C91BC942}") = "CPP-9", "CPP-9\CPP-9.vcxproj", "{F4D235EF-6C2B-4993-B4AC-1DD830E0E440}"
EndProject
Global
	GlobalSection(SolutionConfigurationPlatforms) = preSolution
		Debug|x64 = Debug|x64
		Debug|x86 = Debug|x86
		Release|x64 = Release|x64
		Release|x86 = Release|x86
	EndGlobalSection
	GlobalSection(ProjectConfigurationPlatforms) = postSolution
		{1B945BD8-5855-4EA8-A2A9-290E731B2C23}.Debug|x64.ActiveCfg = Debug|x64
		{1B945BD8-5855-4EA8-A2A9-290E731B2C23}.Debug|x64.Build.0 = Debug|x64
		{1B945BD8-5855-4EA8-A2A9-290E731B2C23}.Debug|x86.ActiveCfg = Debug|Win32
		{1B945BD8-5855-4EA8-A2A9-290E731B2C23}.Debug|x86.Build.0 = Debug|Win32
		{1B945BD8-5855-4EA8-A2A9-290E731B2C23}.Release|x64.ActiveCfg = Release|x64
		{1B945BD8-5855-4EA8-A2A9-290E731B2C23}.Release|x64.Build.0 = Release|x64
		{1B945BD8-5855-4EA8-A2A9-290E731B2C23}.Release|x86.ActiveCfg = Release|Win32
		{1B945BD8-5855-4EA8-A2A9-290E731B2C23}.Release|x86.Build.0 = Release|Win32
		{B473EDF8-299B-4A55-81DF-BB2A1FD0AD6F}.Debug|x64.ActiveCfg = Debug|x64
		{B473EDF8-299B-4A55-81DF-BB2A1FD0AD6F}.Debug|x64.Build.0 = Debug|x64
		{B473EDF8-299B-4A55-81DF-BB2A1FD0AD6F}.Debug|x86.ActiveCfg = Debug|Win32
		{B473EDF8-299B-4A55-81DF-BB2A1FD0AD6F}.Debug|x86.Build.0 = Debug|Win32
		{B473EDF8-299B-4A55-81DF-BB2A1FD0AD6F}.Release|x64.ActiveCfg = Release|x64
		{B473EDF8-299B-4A55-81DF-BB2A1FD0AD6F}.Release|x64.Build.0 = Release|x64
		{B473EDF8-299B-4A55-81DF-BB2A1FD0AD6F}.Release|x86.ActiveCfg = Release|Win32
		{B473EDF8-299B-4A55-81DF-BB2A1FD0AD6F}.Release|x86.Build.0 = Release|Win32
		{4B362205-8C89-417A-A855-18AAF277A318}.Debug|x64.ActiveCfg = Debug|x64
		{4B362205-8C89-417A-A855-18AAF277A318}.Debug|x64.Build.0 = Debug|x64
		{4B362205-8C89-417A-A855-18AAF277A318}.Debug|x86.ActiveCfg = Debug|Win32
		{4B362205-8C89-417A-A855-18AAF277A318}.Debug|x86.Build.0 = Debug|Win32
		{4B362205-8C89-417A-A855-18AAF277A318}.Release|x64.ActiveCfg = Release|x64
		{4B362205-8C89-417A-A855-18AAF277A318}.Release|x64.Build.0 = Release|x64
		{4B362205-8C89-417A-A855-18AAF277A318}.Release|x86.ActiveCfg = Release|Win32
		{4B362205-8C89-417A-A855-18AAF277A318}.Release|x86.Build.0 = Release|Win32
		{76197D7B-37CB-4C85-A5FC-86C41343D6CA}.Debug|x64.ActiveCfg = Debug|x64
		{76197D7B-37CB-4C85-A5FC-86C41343D6CA}.Debug|x64.Build.0 = Debug|x64
		{76197D7B-37CB-4C85-A5FC-86C41343D6CA}.Debug|x86.ActiveCfg = Debug|Win32
		{76197D7B-37CB-4C85-A5FC-86C41343D6CA}.Debug|x86.Build.0 = Debug|Win32
		{76197D7B-37CB-4C85-A5FC-86C41343D6CA}.Release|x64.ActiveCfg = Release|x64
		{76197D7B-37CB-4C85-A5FC-86C41343D6CA}.Release|x64.Build.0 = Release|x64
		{76197D7B-37CB-4C85-A5FC-86C41343D6CA}.Release|x86.ActiveCfg = Release|Win32
		{76197D7B-37CB-4C85-A5FC-86C41343D6CA}.Release|x86.Build.0 = Release|Win32
		{FA1EA25E-884C-4988-9BFF-4DB5B52A7BBB}.Debug|x64.ActiveCfg = Debug|x64
		{FA1EA25E-884C-4988-9BFF-4DB5B52A7BBB}.Debug|x64.Build.0 = Debug|x64
		{FA1EA25E-884C-4988-9BFF-4DB5B52A7BBB}.Debug|x86.ActiveCfg = Debug|Win32
		{FA1EA25E-884C-4988-9BFF-4DB5B52A7BBB}.Debug|x86.Build.0 = Debug|Win32
		{FA1EA25E-884C-4988-9BFF-4DB5B52A7BBB}.Release|x64.ActiveCfg = Release|x64
		{FA1EA25E-884C-4988-9BFF-4DB5B52A7BBB}.Release|x64.Build.0 = Release|x64
		{FA1EA25E-884C-4988-9BFF-4DB5B52A7BBB}.Release|x86.ActiveCfg = Release|Win32
		{FA1EA25E-884C-4988-9BFF-4DB5B52A7BBB}.Release|x86.Build.0 = Release|Win32
		{87E7A058-8A5D-4952-A562-598B795AF377}.Debug|x64.ActiveCfg = Debug|x64
		{87E7A058-8A5D-4952-A562-598B795AF377}.Debug|x64.Build.0 = Debug|x64
		{87E7A058-8A5D-4952-A562-598B795AF377}.Debug|x86.ActiveCfg = Debug|Win32
		{87E7A058-8A5D-4952-A562-598B795AF377}.Debug|x86.Build.0 = Debug|Win32
		{87E7A058-8A5D-4952-A562-598B795AF377}.Release|x64.ActiveCfg = Release|x64
		{87E7A058-8A5D-4952-A562-598B795AF377}.Release|x64.Build.0 = Release|x64
		{87E7A058-8A5D-4952-A562-598B795AF377}.Release|x86.ActiveCfg = Release|Win32
		{87E7A058-8A5D-4952-A562-598B795AF377}.Release|x86.Build.0 = Release|Win32
		{BD4E5D41-CDC0-40F1-902A-403BE92A6DA6}.Debug|x64.ActiveCfg = Debug|x64
		{BD4E5D41-CDC0-40F1-902A-403BE92A6DA6}.Debug|x64.Build.0 = Debug|x64
		{BD4E5D41-CDC0-40F1-902A-403BE92A6DA6}.Debug|x86.ActiveCfg = Debug|Win32
		{BD4E5D41-CDC0-40F1-902A-403BE92A6DA6}.Debug|x86.Build.0 = Debug|Win32
		{BD4E5D41-CDC0-40F1-902A-403BE92A6DA6}.Release|x64.ActiveCfg = Release|x64
		{BD4E5D41-CDC0-40F1-902A-403BE92A6DA6}.Release|x64.Build.0 = Release|x64
		{BD4E5D41-CDC0-40F1-902A-403BE92A6DA6}.Release|x86.ActiveCfg = Release|Win32
		{BD4E5D41-CDC0-40F1-902A-403BE92A6DA6}.Release|x86.Build.0 = Release|Win32
		{12BF559E-2227-4368-87C1-FFB457206E4E}.Debug|x64.ActiveCfg = Debug|x64
		{12BF559E-2227-4368-87C1-FFB457206E4E}.Debug|x64.Build.0 = Debug|x64
		{12BF559E-2227-4368-87C1-FFB457206E4E}.Debug|x86.ActiveCfg = Debug|Win32
		{12BF559E-2227-4368-87C1-FFB457206E4E}.Debug|x86.Build.0 = Debug|Win32
		{12BF559E-2227-4368-87C1-FFB457206E4E}.Release|x64.ActiveCfg = Release|x64
		{12BF559E-2227-4368-87C1-FFB457206E4E}.Release|x64.Build.0 = Release|x64
		{12BF559E-2227-4368-87C1-FFB457206E4E}.Release|x86.ActiveCfg = Release|Win32
		{12BF559E-2227-4368-87C1-FFB457206E4E}.Release|x86.Build.0 = Release|Win32
		{FB5DA329-6111-4E55-9BA6-E0DA53F04D81}.Debug|x64.ActiveCfg = Debug|x64
		{FB5DA329-6111-4E55-9BA6-E0DA53F04D81}.Debug|x64.Build.0 = Debug|x64
		{FB5DA329-6111-4E55-9BA6-E0DA53F04D81}.Debug|x86.ActiveCfg = Debug|Win32
		{FB5DA329-6111-4E55-9BA6-E0DA53F04D81}.Debug|x86.Build.0 = Debug|Win32
		{FB5DA329-6111-4E55-9BA6-E0DA53F04D81}.Release|x64.ActiveCfg = Release|x64
		{FB5DA329-6111-4E55-9BA6-E0DA53F04D81}.Release|x64.Build.0 = Release|x64
		{FB5DA329-6111-4E55-9BA6-E0DA53F04D81}.Release|x86.ActiveCfg = Release|Win32
		{FB5DA329-6111-4E55-9BA6-E0DA53F04D81}.Release|x86.Build.0 = Release|Win32
		{D09E5E8E-D866-4A4E-91F8-7A6DE6E661E3}.Debug|x64.ActiveCfg = Debug|x64
		{D09E5E8E-D866-4A4E-91F8-7A6DE6E661E3}.Debug|x64.Build.0 = Debug|x64
		{D09E5E8E-D866-4A4E-91F8-7A6DE6E661E3}.Debug|x86.ActiveCfg = Debug|Win32
		{D09E5E8E-D866-4A4E-91F8-7A6DE6E661E3}.Debug|x86.Build.0 = Debug|Win32
		{D09E5E8E-D866-4A4E-91F8-7A6DE6E661E3}.Release|x64.ActiveCfg = Release|x64
		{D09E5E8E-D866-4A4E-91F8-7A6DE6E661E3}.Release|x64.Build.0 = Release|x64
		{D09E5E8E-D866-4A4E-91F8-7A6DE6E661E3}.Release|x86.ActiveCfg = Release|Win32
		{D09E5E8E-D866-4A4E-91F8-7A6DE6E661E3}.Release|x86.Build.0 = Release|Win32
		{DC018976-6C87-49BA-A1FE-7D9CD81A80E1}.Debug|x64.ActiveCfg = Debug|x64
		{DC018976-6C87-49BA-A1FE-7D9CD81A80E1}.Debug|x64.Build.0 = Debug|x64
		{DC018976-6C87-49BA-A1FE-7D9CD81A80E1}.Debug|x86.ActiveCfg = Debug|Win32
		{DC018976-6C87-49BA-A1FE-7D9CD81A80E1}.Debug|x86.Build.0 = Debug|Win32
		{DC018976-6C87-49BA-A1FE-7D9CD81A80E1}.Release|x64.ActiveCfg = Release|x64
		{DC018976-6C87-49BA-A1FE-7D9CD81A80E1}.Release|x64.Build.0 = Release|x64
		{DC018976-6C87-49BA-A1FE-7D9CD81A80E1}.Release|x86.ActiveCfg = Release|Win32
		{DC018976-6C87-49BA-A1FE-7D9CD81A80E1}.Release|x86.Build.0 = Release|Win32
		{6CECBE7B-72F5-48DF-92AA-C6877085DB95}.Debug|x64.ActiveCfg = Debug|x64
		{6CECBE7B-72F5-48DF-92AA-C6877085DB95}.Debug|x64.Build.0 = Debug|x64
		{6CECBE7B-72F5-48DF-92AA-C6877085DB95}.Debug|x86.ActiveCfg = Debug|Win32
		{6CECBE7B-72F5-48DF-92AA-C6877085DB95}.Debug|x86.Build.0 = Debug|Win32
		{6CECBE7B-72F5-48DF-92AA-C6877085DB95}.Release|x64.ActiveCfg = Release|x64
		{6CECBE7B-72F5-48DF-92AA-C6877085DB95}.Release|x64.Build.0 = Release|x64
		{6CECBE7B-72F5-48DF-92AA-C6877085DB95}.Release|x86.ActiveCfg = Release|Win32
		{6CECBE7B-72F5-48DF-92AA-C6877085DB95}.Release|x86.Build.0 = Release|Win32
		{CFEA9EFF-F753-4D5E-8623-89D61A1C0B64}.Debug|x64.ActiveCfg = Debug|x64
		{CFEA9EFF-F753-4D5E-8623-89D61A1C0B64}.Debug|x64.Build.0 = Debug|x64
		{CFEA9EFF-F753-4D5E-8623-89D61A1C0B64}.Debug|x86.ActiveCfg = Debug|Win32
		{CFEA9EFF-F753-4D5E-8623-89D61A1C0B64}.Debug|x86.Build.0 = Debug|Win32
		{CFEA9EFF-F753-4D5E-8623-89D61A1C0B64}.Release|x64.ActiveCfg = Release|x64
		{CFEA9EFF-F753-4D5E-8623-89D61A1C0B64}.Release|x64.Build.0 = Release|x64
		{CFEA9EFF-F753-4D5E-8623-89D61A1C0B64}.Release|x86.ActiveCfg = Release|Win32
		{CFEA9EFF-F753-4D5E-8623-89D61A1C0B64}.Release|x86.Build.0 = Release|Win32
		{F4D235EF-6C2B-4993-B4AC-1DD830E0E440}.Debug|x64.ActiveCfg = Debug|x64
		{F4D235EF-6C2B-4993-B4AC-1DD830E0E440}.Debug|x64.Build.0 = Debug|x64
		{F4D235EF-6C2B-4993-B4AC-1DD830E0E440}.Debug|x86.ActiveCfg = Debug|Win32
		{F4D235EF-6C2B-4993-B4AC-1DD830E0E440}.Debug|x86.Build.0 = Debug|Win32
		{F4D235EF-6C2B-4993-B4AC-1DD830E0E440}.Release|x64.ActiveCfg = Release|x64
		{F4D235EF-6C2B-4993-B4AC-1DD830E0E440}.Release|x64.Build.0 = Release|x64
		{F4D235EF-6C2B-4993-B4AC-1DD830E0E440}.Release|x86.ActiveCfg = Release|Win32
		{F4D235EF-6C2B-4993-B4AC-1DD830E0E440}.Release|x86.Build.0 = Release|Win32
	EndGlobalSection
	GlobalSection(SolutionProperties) = preSolution
		HideSolutionNode = FALSE
	EndGlobalSection
	GlobalSection(ExtensibilityGlobals) = postSolution
		SolutionGuid = {3BCD00E7-43FD-4633-A964-2FD1E7E25171}
	EndGlobalSection
EndGlobal
